# This file is autogenerated, do not edit; changes may be undone by the next 'dep ensure'.


[[projects]]
  name = "github.com/influxdata/influxdb"
  packages = ["client/v2","models","pkg/escape"]
  revision = "9d9001036d3585cf21925c13a57881bc6c8dcc7e"
  version = "v1.3.5"

[solve-meta]
  analyzer-name = "dep"
  analyzer-version = 1
  inputs-digest = "6a7f4c46979788a2d6a82107b14427c40129b2368b47c487de837fa469436b1b"
  solver-name = "gps-cdcl"
  solver-version = 1
